
Microsoft Visual Studio Solution File, Format Version 12.00
# Visual Studio Version 17
VisualStudioVersion = 17.8.34330.188
MinimumVisualStudioVersion = 10.0.40219.1
Project("{E24C65DC-7377-472B-9ABA-BC803B73C61A}") = "Project_task3", "http://localhost:58134", "{D0568FA7-42D6-4830-865A-8D6F853BF87D}"
	ProjectSection(WebsiteProperties) = preProject
		UseIISExpress = "true"
		TargetFrameworkMoniker = ".NETFramework,Version%3Dv4.8"
		Debug.AspNetCompiler.VirtualPath = "/localhost_58134"
		Debug.AspNetCompiler.PhysicalPath = "..\..\..\Documents\My Web Sites\Project_task3\"
		Debug.AspNetCompiler.TargetPath = "PrecompiledWeb\localhost_58134\"
		Debug.AspNetCompiler.Updateable = "true"
		Debug.AspNetCompiler.ForceOverwrite = "true"
		Debug.AspNetCompiler.FixedNames = "false"
		Debug.AspNetCompiler.Debug = "True"
		Release.AspNetCompiler.VirtualPath = "/localhost_58134"
		Release.AspNetCompiler.PhysicalPath = "..\..\..\Documents\My Web Sites\Project_task3\"
		Release.AspNetCompiler.TargetPath = "PrecompiledWeb\localhost_58134\"
		Release.AspNetCompiler.Updateable = "true"
		Release.AspNetCompiler.ForceOverwrite = "true"
		Release.AspNetCompiler.FixedNames = "false"
		Release.AspNetCompiler.Debug = "False"
		SlnRelativePath = "..\..\..\Documents\My Web Sites\Project_task3\"
	EndProjectSection
EndProject
Global
	GlobalSection(SolutionConfigurationPlatforms) = preSolution
		Debug|Any CPU = Debug|Any CPU
	EndGlobalSection
	GlobalSection(ProjectConfigurationPlatforms) = postSolution
		{D0568FA7-42D6-4830-865A-8D6F853BF87D}.Debug|Any CPU.ActiveCfg = Debug|Any CPU
		{D0568FA7-42D6-4830-865A-8D6F853BF87D}.Debug|Any CPU.Build.0 = Debug|Any CPU
	EndGlobalSection
	GlobalSection(SolutionProperties) = preSolution
		HideSolutionNode = FALSE
	EndGlobalSection
	GlobalSection(ExtensibilityGlobals) = postSolution
		SolutionGuid = {37E4DD56-617F-417A-AFAA-3730668ACDBA}
	EndGlobalSection
EndGlobal
